
Microsoft Visual Studio Solution File, Format Version 12.00
Project("{FAE04EC0-301F-11D3-BF4B-00C04F79EFBC}") = "Werter.GeradorDeCargaFake.API", "Werter.GeradorDeCargaFake.API\Werter.GeradorDeCargaFake.API.csproj", "{F21ED2BA-5D13-429C-B4CD-237DF531823A}"
EndProject
Global
	GlobalSection(SolutionConfigurationPlatforms) = preSolution
		Debug|Any CPU = Debug|Any CPU
		Release|Any CPU = Release|Any CPU
	EndGlobalSection
	GlobalSection(ProjectConfigurationPlatforms) = postSolution
		{F21ED2BA-5D13-429C-B4CD-237DF531823A}.Debug|Any CPU.ActiveCfg = Debug|Any CPU
		{F21ED2BA-5D13-429C-B4CD-237DF531823A}.Debug|Any CPU.Build.0 = Debug|Any CPU
		{F21ED2BA-5D13-429C-B4CD-237DF531823A}.Release|Any CPU.ActiveCfg = Release|Any CPU
		{F21ED2BA-5D13-429C-B4CD-237DF531823A}.Release|Any CPU.Build.0 = Release|Any CPU
	EndGlobalSection
EndGlobal
